// !$*UTF8*$!
{
	archiveVersion = 1;
	classes = {
	};
	objectVersion = 45;
	objects = {

/* Begin PBXAggregateTarget section */
		43DC63AB158C9E5F00ADE8D9 /* Generate version */ = {
			isa = PBXAggregateTarget;
			buildConfigurationList = 43DC63AE158C9E8100ADE8D9 /* Build configuration list for PBXAggregateTarget "Generate version" */;
			buildPhases = (
				43DC63AA158C9E5F00ADE8D9 /* ShellScript */,
			);
			dependencies = (
			);
			name = "Generate version";
			productName = "Generate version";
		};
/* End PBXAggregateTarget section */

/* Begin PBXBuildFile section */
		1DDD58160DA1D0A300B32029 /* Main.xib in Resources */ = {isa = PBXBuildFile; fileRef = 1DDD58140DA1D0A300B32029 /* Main.xib */; };
		256AC3DA0F4B6AC300CF3369 /* AppDelegate.m in Sources */ = {isa = PBXBuildFile; fileRef = 256AC3D90F4B6AC300CF3369 /* AppDelegate.m */; };
		437CFB3115750ED400B8BE1E /* MenuletController.m in Sources */ = {isa = PBXBuildFile; fileRef = 437CFB3015750ED400B8BE1E /* MenuletController.m */; };
		4397DAC11575FBF7001FF33A /* CalendarModel.m in Sources */ = {isa = PBXBuildFile; fileRef = 4397DAC01575FBF7001FF33A /* CalendarModel.m */; };
		4397DADC1576054D001FF33A /* CalendarStore.framework in Frameworks */ = {isa = PBXBuildFile; fileRef = 4397DADB1576054D001FF33A /* CalendarStore.framework */; };
		43DC6083158B6A2C00ADE8D9 /* PreferencesModel.m in Sources */ = {isa = PBXBuildFile; fileRef = 43DC6082158B6A2C00ADE8D9 /* PreferencesModel.m */; };
		43DC6124158B855000ADE8D9 /* app.icns in Resources */ = {isa = PBXBuildFile; fileRef = 43DC6123158B855000ADE8D9 /* app.icns */; };
		43DC6164158B8D8D00ADE8D9 /* Preferences.xib in Resources */ = {isa = PBXBuildFile; fileRef = 43DC6163158B8D8D00ADE8D9 /* Preferences.xib */; };
		43DC6170158C1C5A00ADE8D9 /* Localizable.strings in Resources */ = {isa = PBXBuildFile; fileRef = 43DC616F158C1C5A00ADE8D9 /* Localizable.strings */; };
		43DC6201158C518200ADE8D9 /* RightmostMenulet.m in Sources */ = {isa = PBXBuildFile; fileRef = 43DC6200158C518200ADE8D9 /* RightmostMenulet.m */; };
		43DC638D158C97EA00ADE8D9 /* Credits.html in Resources */ = {isa = PBXBuildFile; fileRef = 43DC638C158C97EA00ADE8D9 /* Credits.html */; };
		43F20EE315822A7B001EB39A /* JFHotkeyManager.m in Sources */ = {isa = PBXBuildFile; fileRef = 43F20EE115822A7B001EB39A /* JFHotkeyManager.m */; };
		43F20F0115822BFD001EB39A /* Carbon.framework in Frameworks */ = {isa = PBXBuildFile; fileRef = 43F20F0015822BFD001EB39A /* Carbon.framework */; };
		43F210DB15831E11001EB39A /* PreferencesController.m in Sources */ = {isa = PBXBuildFile; fileRef = 43F210DA15831E11001EB39A /* PreferencesController.m */; };
		43F211F7158420F8001EB39A /* StatusItemView.m in Sources */ = {isa = PBXBuildFile; fileRef = 43F211F6158420F8001EB39A /* StatusItemView.m */; };
		43F214FE1585B1B9001EB39A /* LoginItemsModel.m in Sources */ = {isa = PBXBuildFile; fileRef = 43F214FD1585B1B9001EB39A /* LoginItemsModel.m */; };
		43F815B41575204A00BD214A /* README.rst in Resources */ = {isa = PBXBuildFile; fileRef = 43F815B31575204A00BD214A /* README.rst */; };
		8D11072B0486CEB800E47090 /* InfoPlist.strings in Resources */ = {isa = PBXBuildFile; fileRef = 089C165CFE840E0CC02AAC07 /* InfoPlist.strings */; };
		8D11072D0486CEB800E47090 /* main.m in Sources */ = {isa = PBXBuildFile; fileRef = 29B97316FDCFA39411CA2CEA /* main.m */; settings = {ATTRIBUTES = (); }; };
		8D11072F0486CEB800E47090 /* Cocoa.framework in Frameworks */ = {isa = PBXBuildFile; fileRef = 1058C7A1FEA54F0111CA2CBB /* Cocoa.framework */; };
/* End PBXBuildFile section */

/* Begin PBXContainerItemProxy section */
		43DC63AF158C9E8300ADE8D9 /* PBXContainerItemProxy */ = {
			isa = PBXContainerItemProxy;
			containerPortal = 29B97313FDCFA39411CA2CEA /* Project object */;
			proxyType = 1;
			remoteGlobalIDString = 43DC63AB158C9E5F00ADE8D9 /* Generate version */;
			remoteInfo = "Generate version";
		};
/* End PBXContainerItemProxy section */

/* Begin PBXFileReference section */
		089C165DFE840E0CC02AAC07 /* English */ = {isa = PBXFileReference; fileEncoding = 4; lastKnownFileType = text.plist.strings; name = English; path = English.lproj/InfoPlist.strings; sourceTree = "<group>"; };
		1058C7A1FEA54F0111CA2CBB /* Cocoa.framework */ = {isa = PBXFileReference; lastKnownFileType = wrapper.framework; name = Cocoa.framework; path = /System/Library/Frameworks/Cocoa.framework; sourceTree = "<absolute>"; };
		13E42FB307B3F0F600E4EEF1 /* CoreData.framework */ = {isa = PBXFileReference; lastKnownFileType = wrapper.framework; name = CoreData.framework; path = /System/Library/Frameworks/CoreData.framework; sourceTree = "<absolute>"; };
		1DDD58150DA1D0A300B32029 /* English */ = {isa = PBXFileReference; lastKnownFileType = file.xib; name = English; path = English.lproj/Main.xib; sourceTree = "<group>"; };
		256AC3D80F4B6AC300CF3369 /* AppDelegate.h */ = {isa = PBXFileReference; fileEncoding = 4; lastKnownFileType = sourcecode.c.h; path = AppDelegate.h; sourceTree = "<group>"; };
		256AC3D90F4B6AC300CF3369 /* AppDelegate.m */ = {isa = PBXFileReference; fileEncoding = 4; lastKnownFileType = sourcecode.c.objc; path = AppDelegate.m; sourceTree = "<group>"; };
		256AC3F00F4B6AF500CF3369 /* orolo_Prefix.pch */ = {isa = PBXFileReference; fileEncoding = 4; lastKnownFileType = sourcecode.c.h; path = orolo_Prefix.pch; sourceTree = "<group>"; };
		29B97316FDCFA39411CA2CEA /* main.m */ = {isa = PBXFileReference; fileEncoding = 4; lastKnownFileType = sourcecode.c.objc; path = main.m; sourceTree = "<group>"; };
		29B97324FDCFA39411CA2CEA /* AppKit.framework */ = {isa = PBXFileReference; lastKnownFileType = wrapper.framework; name = AppKit.framework; path = /System/Library/Frameworks/AppKit.framework; sourceTree = "<absolute>"; };
		29B97325FDCFA39411CA2CEA /* Foundation.framework */ = {isa = PBXFileReference; lastKnownFileType = wrapper.framework; name = Foundation.framework; path = /System/Library/Frameworks/Foundation.framework; sourceTree = "<absolute>"; };
		437CFB2F15750ED400B8BE1E /* MenuletController.h */ = {isa = PBXFileReference; fileEncoding = 4; lastKnownFileType = sourcecode.c.h; path = MenuletController.h; sourceTree = "<group>"; };
		437CFB3015750ED400B8BE1E /* MenuletController.m */ = {isa = PBXFileReference; fileEncoding = 4; lastKnownFileType = sourcecode.c.objc; path = MenuletController.m; sourceTree = "<group>"; };
		4397DABF1575FBF7001FF33A /* CalendarModel.h */ = {isa = PBXFileReference; fileEncoding = 4; lastKnownFileType = sourcecode.c.h; path = CalendarModel.h; sourceTree = "<group>"; };
		4397DAC01575FBF7001FF33A /* CalendarModel.m */ = {isa = PBXFileReference; fileEncoding = 4; lastKnownFileType = sourcecode.c.objc; path = CalendarModel.m; sourceTree = "<group>"; };
		4397DADB1576054D001FF33A /* CalendarStore.framework */ = {isa = PBXFileReference; lastKnownFileType = wrapper.framework; name = CalendarStore.framework; path = System/Library/Frameworks/CalendarStore.framework; sourceTree = SDKROOT; };
		43DC6081158B6A2C00ADE8D9 /* PreferencesModel.h */ = {isa = PBXFileReference; fileEncoding = 4; lastKnownFileType = sourcecode.c.h; path = PreferencesModel.h; sourceTree = "<group>"; };
		43DC6082158B6A2C00ADE8D9 /* PreferencesModel.m */ = {isa = PBXFileReference; fileEncoding = 4; lastKnownFileType = sourcecode.c.objc; path = PreferencesModel.m; sourceTree = "<group>"; };
		43DC6123158B855000ADE8D9 /* app.icns */ = {isa = PBXFileReference; lastKnownFileType = image.icns; path = app.icns; sourceTree = "<group>"; };
		43DC616D158C1C4E00ADE8D9 /* English */ = {isa = PBXFileReference; fileEncoding = 4; lastKnownFileType = text.plist.strings; name = English; path = English.lproj/Localizable.strings; sourceTree = "<group>"; };
		43DC61FF158C518200ADE8D9 /* RightmostMenulet.h */ = {isa = PBXFileReference; fileEncoding = 4; lastKnownFileType = sourcecode.c.h; path = RightmostMenulet.h; sourceTree = "<group>"; };
		43DC6200158C518200ADE8D9 /* RightmostMenulet.m */ = {isa = PBXFileReference; fileEncoding = 4; lastKnownFileType = sourcecode.c.objc; path = RightmostMenulet.m; sourceTree = "<group>"; };
		43DC638C158C97EA00ADE8D9 /* Credits.html */ = {isa = PBXFileReference; fileEncoding = 4; lastKnownFileType = text.html; path = Credits.html; sourceTree = "<group>"; };
		43F20EE015822A7B001EB39A /* JFHotkeyManager.h */ = {isa = PBXFileReference; fileEncoding = 4; lastKnownFileType = sourcecode.c.h; path = JFHotkeyManager.h; sourceTree = "<group>"; };
		43F20EE115822A7B001EB39A /* JFHotkeyManager.m */ = {isa = PBXFileReference; fileEncoding = 4; lastKnownFileType = sourcecode.c.objc; path = JFHotkeyManager.m; sourceTree = "<group>"; };
		43F20F0015822BFD001EB39A /* Carbon.framework */ = {isa = PBXFileReference; lastKnownFileType = wrapper.framework; name = Carbon.framework; path = System/Library/Frameworks/Carbon.framework; sourceTree = SDKROOT; };
		43F210D915831E11001EB39A /* PreferencesController.h */ = {isa = PBXFileReference; fileEncoding = 4; lastKnownFileType = sourcecode.c.h; path = PreferencesController.h; sourceTree = "<group>"; };
		43F210DA15831E11001EB39A /* PreferencesController.m */ = {isa = PBXFileReference; fileEncoding = 4; lastKnownFileType = sourcecode.c.objc; path = PreferencesController.m; sourceTree = "<group>"; };
		43F2110515832363001EB39A /* English */ = {isa = PBXFileReference; lastKnownFileType = file.xib; name = English; path = English.lproj/Preferences.xib; sourceTree = "<group>"; };
		43F211F5158420F8001EB39A /* StatusItemView.h */ = {isa = PBXFileReference; fileEncoding = 4; lastKnownFileType = sourcecode.c.h; path = StatusItemView.h; sourceTree = "<group>"; };
		43F211F6158420F8001EB39A /* StatusItemView.m */ = {isa = PBXFileReference; fileEncoding = 4; lastKnownFileType = sourcecode.c.objc; path = StatusItemView.m; sourceTree = "<group>"; };
		43F214FC1585B1B9001EB39A /* LoginItemsModel.h */ = {isa = PBXFileReference; fileEncoding = 4; lastKnownFileType = sourcecode.c.h; path = LoginItemsModel.h; sourceTree = "<group>"; };
		43F214FD1585B1B9001EB39A /* LoginItemsModel.m */ = {isa = PBXFileReference; fileEncoding = 4; lastKnownFileType = sourcecode.c.objc; path = LoginItemsModel.m; sourceTree = "<group>"; };
		43F815B31575204A00BD214A /* README.rst */ = {isa = PBXFileReference; fileEncoding = 4; lastKnownFileType = text; path = README.rst; sourceTree = "<group>"; };
		8D1107310486CEB800E47090 /* orolo-Info.plist */ = {isa = PBXFileReference; fileEncoding = 4; lastKnownFileType = text.plist.xml; path = "orolo-Info.plist"; sourceTree = "<group>"; };
		8D1107320486CEB800E47090 /* orolo.app */ = {isa = PBXFileReference; explicitFileType = wrapper.application; includeInIndex = 0; path = orolo.app; sourceTree = BUILT_PRODUCTS_DIR; };
/* End PBXFileReference section */

/* Begin PBXFrameworksBuildPhase section */
		8D11072E0486CEB800E47090 /* Frameworks */ = {
			isa = PBXFrameworksBuildPhase;
			buildActionMask = 2147483647;
			files = (
				8D11072F0486CEB800E47090 /* Cocoa.framework in Frameworks */,
				4397DADC1576054D001FF33A /* CalendarStore.framework in Frameworks */,
				43F20F0115822BFD001EB39A /* Carbon.framework in Frameworks */,
			);
			runOnlyForDeploymentPostprocessing = 0;
		};
/* End PBXFrameworksBuildPhase section */

/* Begin PBXGroup section */
		080E96DDFE201D6D7F000001 /* Classes */ = {
			isa = PBXGroup;
			children = (
				43F20EE015822A7B001EB39A /* JFHotkeyManager.h */,
				43F20EE115822A7B001EB39A /* JFHotkeyManager.m */,
				43F214FC1585B1B9001EB39A /* LoginItemsModel.h */,
				43F214FD1585B1B9001EB39A /* LoginItemsModel.m */,
				43DC6081158B6A2C00ADE8D9 /* PreferencesModel.h */,
				43DC6082158B6A2C00ADE8D9 /* PreferencesModel.m */,
				4397DABF1575FBF7001FF33A /* CalendarModel.h */,
				4397DAC01575FBF7001FF33A /* CalendarModel.m */,
				43F210D915831E11001EB39A /* PreferencesController.h */,
				43F210DA15831E11001EB39A /* PreferencesController.m */,
				43DC61FF158C518200ADE8D9 /* RightmostMenulet.h */,
				43DC6200158C518200ADE8D9 /* RightmostMenulet.m */,
				437CFB2F15750ED400B8BE1E /* MenuletController.h */,
				437CFB3015750ED400B8BE1E /* MenuletController.m */,
				43F211F5158420F8001EB39A /* StatusItemView.h */,
				43F211F6158420F8001EB39A /* StatusItemView.m */,
				256AC3D80F4B6AC300CF3369 /* AppDelegate.h */,
				256AC3D90F4B6AC300CF3369 /* AppDelegate.m */,
			);
			name = Classes;
			sourceTree = "<group>";
		};
		1058C7A0FEA54F0111CA2CBB /* Linked Frameworks */ = {
			isa = PBXGroup;
			children = (
				4397DADB1576054D001FF33A /* CalendarStore.framework */,
				43F20F0015822BFD001EB39A /* Carbon.framework */,
				1058C7A1FEA54F0111CA2CBB /* Cocoa.framework */,
			);
			name = "Linked Frameworks";
			sourceTree = "<group>";
		};
		1058C7A2FEA54F0111CA2CBB /* Other Frameworks */ = {
			isa = PBXGroup;
			children = (
				29B97324FDCFA39411CA2CEA /* AppKit.framework */,
				13E42FB307B3F0F600E4EEF1 /* CoreData.framework */,
				29B97325FDCFA39411CA2CEA /* Foundation.framework */,
			);
			name = "Other Frameworks";
			sourceTree = "<group>";
		};
		19C28FACFE9D520D11CA2CBB /* Products */ = {
			isa = PBXGroup;
			children = (
				8D1107320486CEB800E47090 /* orolo.app */,
			);
			name = Products;
			sourceTree = "<group>";
		};
		29B97314FDCFA39411CA2CEA /* orolo */ = {
			isa = PBXGroup;
			children = (
				080E96DDFE201D6D7F000001 /* Classes */,
				29B97315FDCFA39411CA2CEA /* Other Sources */,
				29B97317FDCFA39411CA2CEA /* Resources */,
				29B97323FDCFA39411CA2CEA /* Frameworks */,
				19C28FACFE9D520D11CA2CBB /* Products */,
			);
			name = orolo;
			sourceTree = "<group>";
		};
		29B97315FDCFA39411CA2CEA /* Other Sources */ = {
			isa = PBXGroup;
			children = (
				256AC3F00F4B6AF500CF3369 /* orolo_Prefix.pch */,
				29B97316FDCFA39411CA2CEA /* main.m */,
			);
			name = "Other Sources";
			sourceTree = "<group>";
		};
		29B97317FDCFA39411CA2CEA /* Resources */ = {
			isa = PBXGroup;
			children = (
				43DC638C158C97EA00ADE8D9 /* Credits.html */,
				43DC6123158B855000ADE8D9 /* app.icns */,
				43F815B31575204A00BD214A /* README.rst */,
				8D1107310486CEB800E47090 /* orolo-Info.plist */,
				089C165CFE840E0CC02AAC07 /* InfoPlist.strings */,
				1DDD58140DA1D0A300B32029 /* Main.xib */,
				43DC6163158B8D8D00ADE8D9 /* Preferences.xib */,
				43DC616F158C1C5A00ADE8D9 /* Localizable.strings */,
			);
			name = Resources;
			sourceTree = "<group>";
		};
		29B97323FDCFA39411CA2CEA /* Frameworks */ = {
			isa = PBXGroup;
			children = (
				1058C7A0FEA54F0111CA2CBB /* Linked Frameworks */,
				1058C7A2FEA54F0111CA2CBB /* Other Frameworks */,
			);
			name = Frameworks;
			sourceTree = "<group>";
		};
/* End PBXGroup section */

/* Begin PBXNativeTarget section */
		8D1107260486CEB800E47090 /* orolo */ = {
			isa = PBXNativeTarget;
			buildConfigurationList = C01FCF4A08A954540054247B /* Build configuration list for PBXNativeTarget "orolo" */;
			buildPhases = (
				8D1107290486CEB800E47090 /* Resources */,
				8D11072C0486CEB800E47090 /* Sources */,
				8D11072E0486CEB800E47090 /* Frameworks */,
			);
			buildRules = (
			);
			dependencies = (
				43DC63B0158C9E8300ADE8D9 /* PBXTargetDependency */,
			);
			name = orolo;
			productInstallPath = "$(HOME)/Applications";
			productName = orolo;
			productReference = 8D1107320486CEB800E47090 /* orolo.app */;
			productType = "com.apple.product-type.application";
		};
/* End PBXNativeTarget section */

/* Begin PBXProject section */
		29B97313FDCFA39411CA2CEA /* Project object */ = {
			isa = PBXProject;
			attributes = {
				ORGANIZATIONNAME = "Bogdan Opanchuk";
			};
			buildConfigurationList = C01FCF4E08A954540054247B /* Build configuration list for PBXProject "orolo" */;
			compatibilityVersion = "Xcode 3.1";
			developmentRegion = English;
			hasScannedForEncodings = 1;
			knownRegions = (
				English,
				Japanese,
				French,
				German,
			);
			mainGroup = 29B97314FDCFA39411CA2CEA /* orolo */;
			projectDirPath = "";
			projectRoot = "";
			targets = (
				8D1107260486CEB800E47090 /* orolo */,
				43DC63AB158C9E5F00ADE8D9 /* Generate version */,
			);
		};
/* End PBXProject section */

/* Begin PBXResourcesBuildPhase section */
		8D1107290486CEB800E47090 /* Resources */ = {
			isa = PBXResourcesBuildPhase;
			buildActionMask = 2147483647;
			files = (
				8D11072B0486CEB800E47090 /* InfoPlist.strings in Resources */,
				1DDD58160DA1D0A300B32029 /* Main.xib in Resources */,
				43F815B41575204A00BD214A /* README.rst in Resources */,
				43DC6164158B8D8D00ADE8D9 /* Preferences.xib in Resources */,
				43DC6124158B855000ADE8D9 /* app.icns in Resources */,
				43DC6170158C1C5A00ADE8D9 /* Localizable.strings in Resources */,
				43DC638D158C97EA00ADE8D9 /* Credits.html in Resources */,
			);
			runOnlyForDeploymentPostprocessing = 0;
		};
/* End PBXResourcesBuildPhase section */

/* Begin PBXShellScriptBuildPhase section */
		43DC63AA158C9E5F00ADE8D9 /* ShellScript */ = {
			isa = PBXShellScriptBuildPhase;
			buildActionMask = 2147483647;
			files = (
			);
			inputPaths = (
			);
			outputPaths = (
			);
			runOnlyForDeploymentPostprocessing = 0;
			shellPath = /bin/sh;
			shellScript = "python - <<EOF\nimport os\nimport re\nimport subprocess\n\n# FIXME: remove hardcoded git revision\nfull_version = subprocess.Popen(\"cd $PROJECT_DIR; /usr/local/git/bin/git describe --tags\", \n\tstdout=subprocess.PIPE, shell=True).communicate()[0].strip()\n\nm = re.match(r'^(.*)-\\d+-([a-z0-9]+)$', full_version)\nif m is not None:\n    short_ver = m.group(1)\n    long_ver = 'dev-' + m.group(2)\nelse:\n    short_ver = full_version\n    long_ver = ''\n\nf = open(os.path.join(os.environ['PROJECT_DIR'], 'InfoPlist.h'), 'w')\nf.write(\"\"\"#define LONG_VERSION {long_ver}\n#define SHORT_VERSION {short_ver}\n\"\"\".format(long_ver=long_ver, short_ver=short_ver))\nf.close()\nos.system('touch orolo-Info.plist')\nEOF";
		};
/* End PBXShellScriptBuildPhase section */

/* Begin PBXSourcesBuildPhase section */
		8D11072C0486CEB800E47090 /* Sources */ = {
			isa = PBXSourcesBuildPhase;
			buildActionMask = 2147483647;
			files = (
				8D11072D0486CEB800E47090 /* main.m in Sources */,
				256AC3DA0F4B6AC300CF3369 /* AppDelegate.m in Sources */,
				437CFB3115750ED400B8BE1E /* MenuletController.m in Sources */,
				4397DAC11575FBF7001FF33A /* CalendarModel.m in Sources */,
				43F20EE315822A7B001EB39A /* JFHotkeyManager.m in Sources */,
				43F210DB15831E11001EB39A /* PreferencesController.m in Sources */,
				43F211F7158420F8001EB39A /* StatusItemView.m in Sources */,
				43F214FE1585B1B9001EB39A /* LoginItemsModel.m in Sources */,
				43DC6083158B6A2C00ADE8D9 /* PreferencesModel.m in Sources */,
				43DC6201158C518200ADE8D9 /* RightmostMenulet.m in Sources */,
			);
			runOnlyForDeploymentPostprocessing = 0;
		};
/* End PBXSourcesBuildPhase section */

/* Begin PBXTargetDependency section */
		43DC63B0158C9E8300ADE8D9 /* PBXTargetDependency */ = {
			isa = PBXTargetDependency;
			target = 43DC63AB158C9E5F00ADE8D9 /* Generate version */;
			targetProxy = 43DC63AF158C9E8300ADE8D9 /* PBXContainerItemProxy */;
		};
/* End PBXTargetDependency section */

/* Begin PBXVariantGroup section */
		089C165CFE840E0CC02AAC07 /* InfoPlist.strings */ = {
			isa = PBXVariantGroup;
			children = (
				089C165DFE840E0CC02AAC07 /* English */,
			);
			name = InfoPlist.strings;
			sourceTree = "<group>";
		};
		1DDD58140DA1D0A300B32029 /* Main.xib */ = {
			isa = PBXVariantGroup;
			children = (
				1DDD58150DA1D0A300B32029 /* English */,
			);
			name = Main.xib;
			sourceTree = "<group>";
		};
		43DC6163158B8D8D00ADE8D9 /* Preferences.xib */ = {
			isa = PBXVariantGroup;
			children = (
				43F2110515832363001EB39A /* English */,
			);
			name = Preferences.xib;
			sourceTree = "<group>";
		};
		43DC616F158C1C5A00ADE8D9 /* Localizable.strings */ = {
			isa = PBXVariantGroup;
			children = (
				43DC616D158C1C4E00ADE8D9 /* English */,
			);
			name = Localizable.strings;
			sourceTree = "<group>";
		};
/* End PBXVariantGroup section */

/* Begin XCBuildConfiguration section */
		43DC63AC158C9E5F00ADE8D9 /* Debug */ = {
			isa = XCBuildConfiguration;
			buildSettings = {
				COPY_PHASE_STRIP = NO;
				GCC_DYNAMIC_NO_PIC = NO;
				GCC_OPTIMIZATION_LEVEL = 0;
				PRODUCT_NAME = "Generate version";
			};
			name = Debug;
		};
		43DC63AD158C9E5F00ADE8D9 /* Release */ = {
			isa = XCBuildConfiguration;
			buildSettings = {
				COPY_PHASE_STRIP = YES;
				DEBUG_INFORMATION_FORMAT = "dwarf-with-dsym";
				GCC_ENABLE_FIX_AND_CONTINUE = NO;
				PRODUCT_NAME = "Generate version";
				ZERO_LINK = NO;
			};
			name = Release;
		};
		C01FCF4B08A954540054247B /* Debug */ = {
			isa = XCBuildConfiguration;
			buildSettings = {
				ALWAYS_SEARCH_USER_PATHS = NO;
				COPY_PHASE_STRIP = NO;
				GCC_DYNAMIC_NO_PIC = NO;
				GCC_ENABLE_FIX_AND_CONTINUE = YES;
				GCC_MODEL_TUNING = G5;
				GCC_OPTIMIZATION_LEVEL = 0;
				GCC_PRECOMPILE_PREFIX_HEADER = YES;
				GCC_PREFIX_HEADER = orolo_Prefix.pch;
				INFOPLIST_FILE = "orolo-Info.plist";
				INFOPLIST_OTHER_PREPROCESSOR_FLAGS = "-traditional";
				INFOPLIST_PREFIX_HEADER = InfoPlist.h;
				INFOPLIST_PREPROCESS = YES;
				INSTALL_PATH = "$(HOME)/Applications";
				PRODUCT_NAME = orolo;
			};
			name = Debug;
		};
		C01FCF4C08A954540054247B /* Release */ = {
			isa = XCBuildConfiguration;
			buildSettings = {
				ALWAYS_SEARCH_USER_PATHS = NO;
				DEBUG_INFORMATION_FORMAT = "dwarf-with-dsym";
				GCC_MODEL_TUNING = G5;
				GCC_PRECOMPILE_PREFIX_HEADER = YES;
				GCC_PREFIX_HEADER = orolo_Prefix.pch;
				INFOPLIST_FILE = "orolo-Info.plist";
				INFOPLIST_OTHER_PREPROCESSOR_FLAGS = "-traditional";
				INFOPLIST_PREFIX_HEADER = InfoPlist.h;
				INFOPLIST_PREPROCESS = YES;
				INSTALL_PATH = "$(HOME)/Applications";
				PRODUCT_NAME = orolo;
			};
			name = Release;
		};
		C01FCF4F08A954540054247B /* Debug */ = {
			isa = XCBuildConfiguration;
			buildSettings = {
				ARCHS = "$(ARCHS_STANDARD_32_64_BIT)";
				GCC_C_LANGUAGE_STANDARD = gnu99;
				GCC_OPTIMIZATION_LEVEL = 0;
				GCC_WARN_ABOUT_RETURN_TYPE = YES;
				GCC_WARN_UNUSED_VARIABLE = YES;
				ONLY_ACTIVE_ARCH = YES;
				PREBINDING = NO;
				RUN_CLANG_STATIC_ANALYZER = YES;
				SDKROOT = macosx10.6;
			};
			name = Debug;
		};
		C01FCF5008A954540054247B /* Release */ = {
			isa = XCBuildConfiguration;
			buildSettings = {
				ARCHS = "$(ARCHS_STANDARD_32_64_BIT)";
				GCC_C_LANGUAGE_STANDARD = gnu99;
				GCC_WARN_ABOUT_RETURN_TYPE = YES;
				GCC_WARN_UNUSED_VARIABLE = YES;
				PREBINDING = NO;
				SDKROOT = macosx10.6;
			};
			name = Release;
		};
/* End XCBuildConfiguration section */

/* Begin XCConfigurationList section */
		43DC63AE158C9E8100ADE8D9 /* Build configuration list for PBXAggregateTarget "Generate version" */ = {
			isa = XCConfigurationList;
			buildConfigurations = (
				43DC63AC158C9E5F00ADE8D9 /* Debug */,
				43DC63AD158C9E5F00ADE8D9 /* Release */,
			);
			defaultConfigurationIsVisible = 0;
			defaultConfigurationName = Release;
		};
		C01FCF4A08A954540054247B /* Build configuration list for PBXNativeTarget "orolo" */ = {
			isa = XCConfigurationList;
			buildConfigurations = (
				C01FCF4B08A954540054247B /* Debug */,
				C01FCF4C08A954540054247B /* Release */,
			);
			defaultConfigurationIsVisible = 0;
			defaultConfigurationName = Release;
		};
		C01FCF4E08A954540054247B /* Build configuration list for PBXProject "orolo" */ = {
			isa = XCConfigurationList;
			buildConfigurations = (
				C01FCF4F08A954540054247B /* Debug */,
				C01FCF5008A954540054247B /* Release */,
			);
			defaultConfigurationIsVisible = 0;
			defaultConfigurationName = Release;
		};
/* End XCConfigurationList section */
	};
	rootObject = 29B97313FDCFA39411CA2CEA /* Project object */;
}
